
Microsoft Visual Studio Solution File, Format Version 12.00
# Visual Studio Version 16
VisualStudioVersion = 16.0.31515.178
MinimumVisualStudioVersion = 10.0.40219.1
Project("{FAE04EC0-301F-11D3-BF4B-00C04F79EFBC}") = "TicTacToeConsole", "TicTacToeConsole\TicTacToeConsole.csproj", "{C0E65A5D-B58F-46B4-8B8D-E977B7EE4A8E}"
EndProject
Project("{FAE04EC0-301F-11D3-BF4B-00C04F79EFBC}") = "TicTacToeLibrary", "TicTacToeLibrary\TicTacToeLibrary.csproj", "{AF42FCC3-C9AC-4C0A-B0D9-0EF265E9BB68}"
EndProject
Project("{FAE04EC0-301F-11D3-BF4B-00C04F79EFBC}") = "UnitTests", "UnitTests\UnitTests.csproj", "{A10E3A12-CFE0-4563-A71D-829C8A01418F}"
EndProject
Global
	GlobalSection(SolutionConfigurationPlatforms) = preSolution
		Debug|Any CPU = Debug|Any CPU
		Release|Any CPU = Release|Any CPU
	EndGlobalSection
	GlobalSection(ProjectConfigurationPlatforms) = postSolution
		{C0E65A5D-B58F-46B4-8B8D-E977B7EE4A8E}.Debug|Any CPU.ActiveCfg = Debug|Any CPU
		{C0E65A5D-B58F-46B4-8B8D-E977B7EE4A8E}.Debug|Any CPU.Build.0 = Debug|Any CPU
		{C0E65A5D-B58F-46B4-8B8D-E977B7EE4A8E}.Release|Any CPU.ActiveCfg = Release|Any CPU
		{C0E65A5D-B58F-46B4-8B8D-E977B7EE4A8E}.Release|Any CPU.Build.0 = Release|Any CPU
		{AF42FCC3-C9AC-4C0A-B0D9-0EF265E9BB68}.Debug|Any CPU.ActiveCfg = Debug|Any CPU
		{AF42FCC3-C9AC-4C0A-B0D9-0EF265E9BB68}.Debug|Any CPU.Build.0 = Debug|Any CPU
		{AF42FCC3-C9AC-4C0A-B0D9-0EF265E9BB68}.Release|Any CPU.ActiveCfg = Release|Any CPU
		{AF42FCC3-C9AC-4C0A-B0D9-0EF265E9BB68}.Release|Any CPU.Build.0 = Release|Any CPU
		{A10E3A12-CFE0-4563-A71D-829C8A01418F}.Debug|Any CPU.ActiveCfg = Debug|Any CPU
		{A10E3A12-CFE0-4563-A71D-829C8A01418F}.Debug|Any CPU.Build.0 = Debug|Any CPU
		{A10E3A12-CFE0-4563-A71D-829C8A01418F}.Release|Any CPU.ActiveCfg = Release|Any CPU
		{A10E3A12-CFE0-4563-A71D-829C8A01418F}.Release|Any CPU.Build.0 = Release|Any CPU
	EndGlobalSection
	GlobalSection(SolutionProperties) = preSolution
		HideSolutionNode = FALSE
	EndGlobalSection
	GlobalSection(ExtensibilityGlobals) = postSolution
		SolutionGuid = {6273E097-5A4C-480F-99BA-180CBC1B9035}
	EndGlobalSection
EndGlobal
